<Project xmlns="http://schemas.microsoft.com/developer/msbuild/2003">
  <PropertyGroup>
    <ProjectGuid>{cd49f322-a2e9-4eef-b695-6bfa26aa779f}</ProjectGuid>
    <MainSource>DIOCP_DBServer.dpr</MainSource>
    <Configuration Condition=" '$(Configuration)' == '' ">Debug</Configuration>
    <Platform Condition=" '$(Platform)' == '' ">AnyCPU</Platform>
    <DCC_DCCCompiler>DCC32</DCC_DCCCompiler>
    <DCC_DependencyCheckOutputName>DIOCP_DBServer.exe</DCC_DependencyCheckOutputName>
  </PropertyGroup>
  <PropertyGroup Condition=" '$(Configuration)|$(Platform)' == 'Release|AnyCPU' ">
    <Version>7.0</Version>
    <DCC_DebugInformation>False</DCC_DebugInformation>
    <DCC_LocalDebugSymbols>False</DCC_LocalDebugSymbols>
    <DCC_SymbolReferenceInfo>0</DCC_SymbolReferenceInfo>
    <DCC_Define>RELEASE</DCC_Define>
  </PropertyGroup>
  <PropertyGroup Condition=" '$(Configuration)|$(Platform)' == 'Debug|AnyCPU' ">
    <Version>7.0</Version>
    <DCC_Define>DEBUG</DCC_Define>
  </PropertyGroup>
  <ProjectExtensions>
    <Borland.Personality>Delphi.Personality</Borland.Personality>
    <Borland.ProjectType>VCLApplication</Borland.ProjectType>
    <BorlandProject>
<BorlandProject xmlns=""> <Delphi.Personality>   <Parameters>
      <Parameters Name="UseLauncher">False</Parameters>
      <Parameters Name="LoadAllSymbols">True</Parameters>
      <Parameters Name="LoadUnspecifiedSymbols">False</Parameters>
    </Parameters>
    <VersionInfo>
      <VersionInfo Name="IncludeVerInfo">True</VersionInfo>
      <VersionInfo Name="AutoIncBuild">False</VersionInfo>
      <VersionInfo Name="MajorVer">1</VersionInfo>
      <VersionInfo Name="MinorVer">0</VersionInfo>
      <VersionInfo Name="Release">0</VersionInfo>
      <VersionInfo Name="Build">0</VersionInfo>
      <VersionInfo Name="Debug">False</VersionInfo>
      <VersionInfo Name="PreRelease">False</VersionInfo>
      <VersionInfo Name="Special">False</VersionInfo>
      <VersionInfo Name="Private">False</VersionInfo>
      <VersionInfo Name="DLL">False</VersionInfo>
      <VersionInfo Name="Locale">2052</VersionInfo>
      <VersionInfo Name="CodePage">936</VersionInfo>
    </VersionInfo>
    <VersionInfoKeys>
      <VersionInfoKeys Name="CompanyName"></VersionInfoKeys>
      <VersionInfoKeys Name="FileDescription"></VersionInfoKeys>
      <VersionInfoKeys Name="FileVersion">1.0.0.0</VersionInfoKeys>
      <VersionInfoKeys Name="InternalName"></VersionInfoKeys>
      <VersionInfoKeys Name="LegalCopyright"></VersionInfoKeys>
      <VersionInfoKeys Name="LegalTrademarks"></VersionInfoKeys>
      <VersionInfoKeys Name="OriginalFilename"></VersionInfoKeys>
      <VersionInfoKeys Name="ProductName"></VersionInfoKeys>
      <VersionInfoKeys Name="ProductVersion">1.0.0.0</VersionInfoKeys>
      <VersionInfoKeys Name="Comments"></VersionInfoKeys>
    </VersionInfoKeys>
    <Source>
      <Source Name="MainSource">DIOCP_DBServer.dpr</Source>
    </Source>
  </Delphi.Personality> </BorlandProject></BorlandProject>
  </ProjectExtensions>
  <ItemGroup />
  <ItemGroup>
    <DelphiCompile Include="DIOCP_DBServer.dpr">
      <MainSource>MainSource</MainSource>
    </DelphiCompile>
    <DCCReference Include="..\..\..\Source\IOCP\FileLogger.pas" />
    <DCCReference Include="..\..\..\Source\IOCP\uBuffer.pas" />
    <DCCReference Include="..\..\..\Source\IOCP\uIOCPCentre.pas" />
    <DCCReference Include="..\..\..\Source\IOCP\uIOCPConsole.pas" />
    <DCCReference Include="..\..\..\Source\IOCP\uIOCPContextPool.pas" />
    <DCCReference Include="..\..\..\Source\IOCP\uIOCPFileLogger.pas" />
    <DCCReference Include="..\..\..\Source\IOCP\uIOCPProtocol.pas" />
    <DCCReference Include="..\..\..\Source\IOCP\uIOCPTools.pas" />
    <DCCReference Include="..\..\..\Source\IOCP\uIOCPWorker.pas" />
    <DCCReference Include="..\..\..\Source\IOCP\uMemPool.pas" />
    <DCCReference Include="..\..\..\Source\IOCP\uSocketListener.pas" />
    <DCCReference Include="..\..\..\Source\Utils\FastMM4.pas" />
    <DCCReference Include="..\..\..\Source\Utils\FastMM4Messages.pas" />
    <DCCReference Include="..\..\..\Source\Utils\uZipTools.pas" />
    <DCCReference Include="..\..\..\Source\WinSock2\JwaMSWSock.pas" />
    <DCCReference Include="..\..\..\Source\WinSock2\JwaQos.pas" />
    <DCCReference Include="..\..\..\Source\WinSock2\JwaWinsock2.pas" />
    <DCCReference Include="..\..\Common\JSonStream.pas" />
    <DCCReference Include="..\..\Common\superobject.pas" />
    <DCCReference Include="..\..\IOCPCoder\uIOCPJSonStreamDecoder.pas" />
    <DCCReference Include="..\..\IOCPCoder\uIOCPJSonStreamEncoder.pas" />
    <DCCReference Include="..\..\IOCPCoder\uNetworkTools.pas" />
    <DCCReference Include="..\Common\CDSOperatorWrapper.pas" />
    <DCCReference Include="..\Common\uDBAccessOperator.pas" />
    <DCCReference Include="..\Common\uICDSOperator.pas" />
    <DCCReference Include="DB\ADOConnConfig.pas" />
    <DCCReference Include="DB\uCDSProvider.pas" />
    <DCCReference Include="DB\udmMain.pas">
      <Form>dmMain</Form>
      <DesignClass>TDataModule</DesignClass>
    </DCCReference>
    <DCCReference Include="Handler\TesterINfo.pas" />
    <DCCReference Include="Handler\uClientContext.pas" />
    <DCCReference Include="ufrmMain.pas">
      <Form>frmMain</Form>
    </DCCReference>
  </ItemGroup>
  <Import Project="$(MSBuildBinPath)\Borland.Delphi.Targets" />
</Project>